
Microsoft Visual Studio Solution File, Format Version 12.00
# Visual Studio Version 17
VisualStudioVersion = 17.9.34723.18
MinimumVisualStudioVersion = 10.0.40219.1
Project("{FAE04EC0-301F-11D3-BF4B-00C04F79EFBC}") = "modul7_kelompok_3", "modul7_kelompok_3\modul7_kelompok_3.csproj", "{A83E0608-5FF5-4971-8988-1B6D011FB1E6}"
EndProject
Global
	GlobalSection(SolutionConfigurationPlatforms) = preSolution
		Debug|Any CPU = Debug|Any CPU
		Release|Any CPU = Release|Any CPU
	EndGlobalSection
	GlobalSection(ProjectConfigurationPlatforms) = postSolution
		{A83E0608-5FF5-4971-8988-1B6D011FB1E6}.Debug|Any CPU.ActiveCfg = Debug|Any CPU
		{A83E0608-5FF5-4971-8988-1B6D011FB1E6}.Debug|Any CPU.Build.0 = Debug|Any CPU
		{A83E0608-5FF5-4971-8988-1B6D011FB1E6}.Release|Any CPU.ActiveCfg = Release|Any CPU
		{A83E0608-5FF5-4971-8988-1B6D011FB1E6}.Release|Any CPU.Build.0 = Release|Any CPU
	EndGlobalSection
	GlobalSection(SolutionProperties) = preSolution
		HideSolutionNode = FALSE
	EndGlobalSection
	GlobalSection(ExtensibilityGlobals) = postSolution
		SolutionGuid = {99C2C99F-4433-46D3-9707-2DE6F7946A36}
	EndGlobalSection
EndGlobal
